
Microsoft Visual Studio Solution File, Format Version 12.00
# Visual Studio Version 16
VisualStudioVersion = 16.0.32002.261
MinimumVisualStudioVersion = 10.0.40219.1
Project("{FAE04EC0-301F-11D3-BF4B-00C04F79EFBC}") = "ConcatenateData2", "ConcatenateData2\ConcatenateData2.csproj", "{35B791AC-2C7C-47FE-BB12-7100AEB027C9}"
EndProject
Global
	GlobalSection(SolutionConfigurationPlatforms) = preSolution
		Debug|Any CPU = Debug|Any CPU
		Release|Any CPU = Release|Any CPU
	EndGlobalSection
	GlobalSection(ProjectConfigurationPlatforms) = postSolution
		{35B791AC-2C7C-47FE-BB12-7100AEB027C9}.Debug|Any CPU.ActiveCfg = Debug|Any CPU
		{35B791AC-2C7C-47FE-BB12-7100AEB027C9}.Debug|Any CPU.Build.0 = Debug|Any CPU
		{35B791AC-2C7C-47FE-BB12-7100AEB027C9}.Release|Any CPU.ActiveCfg = Release|Any CPU
		{35B791AC-2C7C-47FE-BB12-7100AEB027C9}.Release|Any CPU.Build.0 = Release|Any CPU
	EndGlobalSection
	GlobalSection(SolutionProperties) = preSolution
		HideSolutionNode = FALSE
	EndGlobalSection
	GlobalSection(ExtensibilityGlobals) = postSolution
		SolutionGuid = {3ACEB1CB-A7A2-49C0-BD68-F928303ACDAD}
	EndGlobalSection
EndGlobal
