
Microsoft Visual Studio Solution File, Format Version 12.00
# Visual Studio Version 16
VisualStudioVersion = 16.0.32002.261
MinimumVisualStudioVersion = 10.0.40219.1
Project("{FAE04EC0-301F-11D3-BF4B-00C04F79EFBC}") = "Review 10.02.2022", "Review 10.02.2022\Review 10.02.2022.csproj", "{A0CFE043-5E22-45E5-AC9A-588FFB05819E}"
EndProject
Global
	GlobalSection(SolutionConfigurationPlatforms) = preSolution
		Debug|Any CPU = Debug|Any CPU
		Release|Any CPU = Release|Any CPU
	EndGlobalSection
	GlobalSection(ProjectConfigurationPlatforms) = postSolution
		{A0CFE043-5E22-45E5-AC9A-588FFB05819E}.Debug|Any CPU.ActiveCfg = Debug|Any CPU
		{A0CFE043-5E22-45E5-AC9A-588FFB05819E}.Debug|Any CPU.Build.0 = Debug|Any CPU
		{A0CFE043-5E22-45E5-AC9A-588FFB05819E}.Release|Any CPU.ActiveCfg = Release|Any CPU
		{A0CFE043-5E22-45E5-AC9A-588FFB05819E}.Release|Any CPU.Build.0 = Release|Any CPU
	EndGlobalSection
	GlobalSection(SolutionProperties) = preSolution
		HideSolutionNode = FALSE
	EndGlobalSection
	GlobalSection(ExtensibilityGlobals) = postSolution
		SolutionGuid = {DF76F274-21F3-407D-AA70-322B6E7B561E}
	EndGlobalSection
EndGlobal
