
Microsoft Visual Studio Solution File, Format Version 12.00
# Visual Studio Version 16
VisualStudioVersion = 16.0.32002.261
MinimumVisualStudioVersion = 10.0.40219.1
Project("{FAE04EC0-301F-11D3-BF4B-00C04F79EFBC}") = "Lectures Examples", "Lectures Examples\Lectures Examples.csproj", "{EEB7C6AD-22D8-4C52-807D-4AC105385DDB}"
EndProject
Project("{FAE04EC0-301F-11D3-BF4B-00C04F79EFBC}") = "Odd or even number", "Odd or even number\Odd or even number.csproj", "{37C9FB2D-EC0E-423D-8457-EF5128011564}"
EndProject
Project("{FAE04EC0-301F-11D3-BF4B-00C04F79EFBC}") = "Figirues Area", "Figirues Area\Figirues Area.csproj", "{279667B3-FFC3-42A0-BFD7-08F1CBBB8B6A}"
EndProject
Global
	GlobalSection(SolutionConfigurationPlatforms) = preSolution
		Debug|Any CPU = Debug|Any CPU
		Release|Any CPU = Release|Any CPU
	EndGlobalSection
	GlobalSection(ProjectConfigurationPlatforms) = postSolution
		{EEB7C6AD-22D8-4C52-807D-4AC105385DDB}.Debug|Any CPU.ActiveCfg = Debug|Any CPU
		{EEB7C6AD-22D8-4C52-807D-4AC105385DDB}.Debug|Any CPU.Build.0 = Debug|Any CPU
		{EEB7C6AD-22D8-4C52-807D-4AC105385DDB}.Release|Any CPU.ActiveCfg = Release|Any CPU
		{EEB7C6AD-22D8-4C52-807D-4AC105385DDB}.Release|Any CPU.Build.0 = Release|Any CPU
		{37C9FB2D-EC0E-423D-8457-EF5128011564}.Debug|Any CPU.ActiveCfg = Debug|Any CPU
		{37C9FB2D-EC0E-423D-8457-EF5128011564}.Debug|Any CPU.Build.0 = Debug|Any CPU
		{37C9FB2D-EC0E-423D-8457-EF5128011564}.Release|Any CPU.ActiveCfg = Release|Any CPU
		{37C9FB2D-EC0E-423D-8457-EF5128011564}.Release|Any CPU.Build.0 = Release|Any CPU
		{279667B3-FFC3-42A0-BFD7-08F1CBBB8B6A}.Debug|Any CPU.ActiveCfg = Debug|Any CPU
		{279667B3-FFC3-42A0-BFD7-08F1CBBB8B6A}.Debug|Any CPU.Build.0 = Debug|Any CPU
		{279667B3-FFC3-42A0-BFD7-08F1CBBB8B6A}.Release|Any CPU.ActiveCfg = Release|Any CPU
		{279667B3-FFC3-42A0-BFD7-08F1CBBB8B6A}.Release|Any CPU.Build.0 = Release|Any CPU
	EndGlobalSection
	GlobalSection(SolutionProperties) = preSolution
		HideSolutionNode = FALSE
	EndGlobalSection
	GlobalSection(ExtensibilityGlobals) = postSolution
		SolutionGuid = {E0E81E23-5F60-4327-B2A5-6331D041714A}
	EndGlobalSection
EndGlobal
